
Microsoft Visual Studio Solution File, Format Version 12.00
# Visual Studio Version 16
VisualStudioVersion = 16.0.31729.503
MinimumVisualStudioVersion = 10.0.40219.1
Project("{2150E333-8FDC-42A3-9474-1A3956D46DE8}") = "src", "src", "{96378931-EC74-468E-B180-25419E8E54BD}"
EndProject
Project("{2150E333-8FDC-42A3-9474-1A3956D46DE8}") = "Solution Items", "Solution Items", "{A47AA2AE-0200-47D9-AF34-76D95B7335DC}"
	ProjectSection(SolutionItems) = preProject
		ServiceUrls.txt = ServiceUrls.txt
	EndProjectSection
EndProject
Project("{2150E333-8FDC-42A3-9474-1A3956D46DE8}") = "ApiGateways", "ApiGateways", "{812F30CC-3BDB-43B4-A03C-8B192C5B4DDC}"
EndProject
Project("{2150E333-8FDC-42A3-9474-1A3956D46DE8}") = "BuildingBlocks", "BuildingBlocks", "{E35394FE-2F1D-43AF-8AB0-3E7F31CB6A87}"
EndProject
Project("{2150E333-8FDC-42A3-9474-1A3956D46DE8}") = "Services", "Services", "{562F0B25-DE47-4A17-A14F-7598E51D6E46}"
EndProject
Project("{2150E333-8FDC-42A3-9474-1A3956D46DE8}") = "Clients", "Clients", "{AFF32602-E6E0-4604-97E8-3D7D31B47DDF}"
EndProject
Project("{2150E333-8FDC-42A3-9474-1A3956D46DE8}") = "WebApiGateway", "WebApiGateway", "{F5BD17A6-3560-4C7A-ABB1-72D5B9E942CE}"
EndProject
Project("{FAE04EC0-301F-11D3-BF4B-00C04F79EFBC}") = "Web.ApiGateway", "src\ApiGateways\WebApiGateway\Web.ApiGateway\Web.ApiGateway.csproj", "{E65DB4D5-BA81-4FAD-810C-7F5BDD4BB1FB}"
EndProject
Project("{2150E333-8FDC-42A3-9474-1A3956D46DE8}") = "EventBus", "EventBus", "{2FBA69B2-D2B6-45DD-9E5E-53E95DBE5C95}"
EndProject
Project("{FAE04EC0-301F-11D3-BF4B-00C04F79EFBC}") = "EventBus.Base", "src\BuildingBlocks\EventBus\EventBus.Base\EventBus.Base.csproj", "{FCCF446E-9A04-4A59-9DA4-3387707172C0}"
EndProject
Project("{FAE04EC0-301F-11D3-BF4B-00C04F79EFBC}") = "EventBus.Factory", "src\BuildingBlocks\EventBus\EventBus.Factory\EventBus.Factory.csproj", "{F2B7134C-3334-4B74-B6C6-D42735682D84}"
EndProject
Project("{FAE04EC0-301F-11D3-BF4B-00C04F79EFBC}") = "EventBus.RabbitMQ", "src\BuildingBlocks\EventBus\EventBus.RabbitMQ\EventBus.RabbitMQ.csproj", "{E30284C5-70DF-43C9-888F-E643AADD21BA}"
EndProject
Project("{2150E333-8FDC-42A3-9474-1A3956D46DE8}") = "BlazorWebApp", "BlazorWebApp", "{ECBEC371-4EB6-42F0-858D-75BEB85FC2B4}"
EndProject
Project("{FAE04EC0-301F-11D3-BF4B-00C04F79EFBC}") = "WebApp", "src\Clients\BlazorWebapp\WebApp\WebApp.csproj", "{8BDE3508-885E-4728-A869-13D56C39545C}"
EndProject
Project("{2150E333-8FDC-42A3-9474-1A3956D46DE8}") = "BasketService", "BasketService", "{3B26D50F-025B-4F85-AE13-5AEDC5BBF771}"
EndProject
Project("{FAE04EC0-301F-11D3-BF4B-00C04F79EFBC}") = "BasketService.Api", "src\Services\BasketService\BasketService.Api\BasketService.Api.csproj", "{2BD46A8D-7005-4F9D-A613-56EE7536D2A8}"
EndProject
Project("{2150E333-8FDC-42A3-9474-1A3956D46DE8}") = "CatalogService", "CatalogService", "{5AE636F1-0CBB-4359-A445-D250A64D1222}"
EndProject
Project("{FAE04EC0-301F-11D3-BF4B-00C04F79EFBC}") = "CatalogService.Api", "src\Services\CatalogService\CatalogService.Api\CatalogService.Api.csproj", "{D2FB3685-F529-451A-8FE8-7564F4DE67D6}"
EndProject
Project("{2150E333-8FDC-42A3-9474-1A3956D46DE8}") = "IdentityService", "IdentityService", "{29A529C8-DE06-4913-9191-B630EA2DD464}"
EndProject
Project("{FAE04EC0-301F-11D3-BF4B-00C04F79EFBC}") = "IdentityService.Api", "src\Services\IdentityService\IdentityService.Api\IdentityService.Api.csproj", "{642075DC-EB50-461D-AF46-901750B8DA4C}"
EndProject
Project("{2150E333-8FDC-42A3-9474-1A3956D46DE8}") = "NotificationService", "NotificationService", "{F26B8613-B882-43C8-8670-9DF9A523AE0B}"
EndProject
Project("{FAE04EC0-301F-11D3-BF4B-00C04F79EFBC}") = "NotificationService", "src\Services\NotificationService\NotificationService\NotificationService.csproj", "{447D1082-BB52-4386-8DF6-88324C20EDAF}"
EndProject
Project("{2150E333-8FDC-42A3-9474-1A3956D46DE8}") = "OrderService", "OrderService", "{E40072DD-2B83-4F27-A524-28F0A633D7C3}"
EndProject
Project("{FAE04EC0-301F-11D3-BF4B-00C04F79EFBC}") = "OrderService.Domain", "src\Services\OrderService\OrderService.Domain\OrderService.Domain.csproj", "{AECB5149-C4C8-4A9C-89F6-336D68580112}"
EndProject
Project("{FAE04EC0-301F-11D3-BF4B-00C04F79EFBC}") = "OrderService.Application", "src\Services\OrderService\OrderService.Application\OrderService.Application.csproj", "{2FC76DF7-9DF6-4E30-A08E-B8EADDE18805}"
EndProject
Project("{FAE04EC0-301F-11D3-BF4B-00C04F79EFBC}") = "OrderService.Infrastructure", "src\Services\OrderService\OrderService.Infrastructure\OrderService.Infrastructure.csproj", "{7484D6AD-7B40-4B84-987C-7098DA240053}"
EndProject
Project("{FAE04EC0-301F-11D3-BF4B-00C04F79EFBC}") = "OrderService.Api", "src\Services\OrderService\OrderService.Api\OrderService.Api.csproj", "{1696E6D8-57FD-4356-A589-7C9A2EEB7FFA}"
EndProject
Project("{2150E333-8FDC-42A3-9474-1A3956D46DE8}") = "PaymentService", "PaymentService", "{97D2A303-83DA-46AD-9CC9-27017E69B5C6}"
EndProject
Project("{FAE04EC0-301F-11D3-BF4B-00C04F79EFBC}") = "PaymentService.Api", "src\Services\PaymentService\PaymentService.Api\PaymentService.Api.csproj", "{88392C04-9EB0-4E40-AC21-874B72DCDDDB}"
EndProject
Global
	GlobalSection(SolutionConfigurationPlatforms) = preSolution
		Debug|Any CPU = Debug|Any CPU
		Release|Any CPU = Release|Any CPU
	EndGlobalSection
	GlobalSection(ProjectConfigurationPlatforms) = postSolution
		{E65DB4D5-BA81-4FAD-810C-7F5BDD4BB1FB}.Debug|Any CPU.ActiveCfg = Debug|Any CPU
		{E65DB4D5-BA81-4FAD-810C-7F5BDD4BB1FB}.Debug|Any CPU.Build.0 = Debug|Any CPU
		{E65DB4D5-BA81-4FAD-810C-7F5BDD4BB1FB}.Release|Any CPU.ActiveCfg = Release|Any CPU
		{E65DB4D5-BA81-4FAD-810C-7F5BDD4BB1FB}.Release|Any CPU.Build.0 = Release|Any CPU
		{FCCF446E-9A04-4A59-9DA4-3387707172C0}.Debug|Any CPU.ActiveCfg = Debug|Any CPU
		{FCCF446E-9A04-4A59-9DA4-3387707172C0}.Debug|Any CPU.Build.0 = Debug|Any CPU
		{FCCF446E-9A04-4A59-9DA4-3387707172C0}.Release|Any CPU.ActiveCfg = Release|Any CPU
		{FCCF446E-9A04-4A59-9DA4-3387707172C0}.Release|Any CPU.Build.0 = Release|Any CPU
		{F2B7134C-3334-4B74-B6C6-D42735682D84}.Debug|Any CPU.ActiveCfg = Debug|Any CPU
		{F2B7134C-3334-4B74-B6C6-D42735682D84}.Debug|Any CPU.Build.0 = Debug|Any CPU
		{F2B7134C-3334-4B74-B6C6-D42735682D84}.Release|Any CPU.ActiveCfg = Release|Any CPU
		{F2B7134C-3334-4B74-B6C6-D42735682D84}.Release|Any CPU.Build.0 = Release|Any CPU
		{E30284C5-70DF-43C9-888F-E643AADD21BA}.Debug|Any CPU.ActiveCfg = Debug|Any CPU
		{E30284C5-70DF-43C9-888F-E643AADD21BA}.Debug|Any CPU.Build.0 = Debug|Any CPU
		{E30284C5-70DF-43C9-888F-E643AADD21BA}.Release|Any CPU.ActiveCfg = Release|Any CPU
		{E30284C5-70DF-43C9-888F-E643AADD21BA}.Release|Any CPU.Build.0 = Release|Any CPU
		{8BDE3508-885E-4728-A869-13D56C39545C}.Debug|Any CPU.ActiveCfg = Debug|Any CPU
		{8BDE3508-885E-4728-A869-13D56C39545C}.Debug|Any CPU.Build.0 = Debug|Any CPU
		{8BDE3508-885E-4728-A869-13D56C39545C}.Release|Any CPU.ActiveCfg = Release|Any CPU
		{8BDE3508-885E-4728-A869-13D56C39545C}.Release|Any CPU.Build.0 = Release|Any CPU
		{2BD46A8D-7005-4F9D-A613-56EE7536D2A8}.Debug|Any CPU.ActiveCfg = Debug|Any CPU
		{2BD46A8D-7005-4F9D-A613-56EE7536D2A8}.Debug|Any CPU.Build.0 = Debug|Any CPU
		{2BD46A8D-7005-4F9D-A613-56EE7536D2A8}.Release|Any CPU.ActiveCfg = Release|Any CPU
		{2BD46A8D-7005-4F9D-A613-56EE7536D2A8}.Release|Any CPU.Build.0 = Release|Any CPU
		{D2FB3685-F529-451A-8FE8-7564F4DE67D6}.Debug|Any CPU.ActiveCfg = Debug|Any CPU
		{D2FB3685-F529-451A-8FE8-7564F4DE67D6}.Debug|Any CPU.Build.0 = Debug|Any CPU
		{D2FB3685-F529-451A-8FE8-7564F4DE67D6}.Release|Any CPU.ActiveCfg = Release|Any CPU
		{D2FB3685-F529-451A-8FE8-7564F4DE67D6}.Release|Any CPU.Build.0 = Release|Any CPU
		{642075DC-EB50-461D-AF46-901750B8DA4C}.Debug|Any CPU.ActiveCfg = Debug|Any CPU
		{642075DC-EB50-461D-AF46-901750B8DA4C}.Debug|Any CPU.Build.0 = Debug|Any CPU
		{642075DC-EB50-461D-AF46-901750B8DA4C}.Release|Any CPU.ActiveCfg = Release|Any CPU
		{642075DC-EB50-461D-AF46-901750B8DA4C}.Release|Any CPU.Build.0 = Release|Any CPU
		{447D1082-BB52-4386-8DF6-88324C20EDAF}.Debug|Any CPU.ActiveCfg = Debug|Any CPU
		{447D1082-BB52-4386-8DF6-88324C20EDAF}.Debug|Any CPU.Build.0 = Debug|Any CPU
		{447D1082-BB52-4386-8DF6-88324C20EDAF}.Release|Any CPU.ActiveCfg = Release|Any CPU
		{447D1082-BB52-4386-8DF6-88324C20EDAF}.Release|Any CPU.Build.0 = Release|Any CPU
		{AECB5149-C4C8-4A9C-89F6-336D68580112}.Debug|Any CPU.ActiveCfg = Debug|Any CPU
		{AECB5149-C4C8-4A9C-89F6-336D68580112}.Debug|Any CPU.Build.0 = Debug|Any CPU
		{AECB5149-C4C8-4A9C-89F6-336D68580112}.Release|Any CPU.ActiveCfg = Release|Any CPU
		{AECB5149-C4C8-4A9C-89F6-336D68580112}.Release|Any CPU.Build.0 = Release|Any CPU
		{2FC76DF7-9DF6-4E30-A08E-B8EADDE18805}.Debug|Any CPU.ActiveCfg = Debug|Any CPU
		{2FC76DF7-9DF6-4E30-A08E-B8EADDE18805}.Debug|Any CPU.Build.0 = Debug|Any CPU
		{2FC76DF7-9DF6-4E30-A08E-B8EADDE18805}.Release|Any CPU.ActiveCfg = Release|Any CPU
		{2FC76DF7-9DF6-4E30-A08E-B8EADDE18805}.Release|Any CPU.Build.0 = Release|Any CPU
		{7484D6AD-7B40-4B84-987C-7098DA240053}.Debug|Any CPU.ActiveCfg = Debug|Any CPU
		{7484D6AD-7B40-4B84-987C-7098DA240053}.Debug|Any CPU.Build.0 = Debug|Any CPU
		{7484D6AD-7B40-4B84-987C-7098DA240053}.Release|Any CPU.ActiveCfg = Release|Any CPU
		{7484D6AD-7B40-4B84-987C-7098DA240053}.Release|Any CPU.Build.0 = Release|Any CPU
		{1696E6D8-57FD-4356-A589-7C9A2EEB7FFA}.Debug|Any CPU.ActiveCfg = Debug|Any CPU
		{1696E6D8-57FD-4356-A589-7C9A2EEB7FFA}.Debug|Any CPU.Build.0 = Debug|Any CPU
		{1696E6D8-57FD-4356-A589-7C9A2EEB7FFA}.Release|Any CPU.ActiveCfg = Release|Any CPU
		{1696E6D8-57FD-4356-A589-7C9A2EEB7FFA}.Release|Any CPU.Build.0 = Release|Any CPU
		{88392C04-9EB0-4E40-AC21-874B72DCDDDB}.Debug|Any CPU.ActiveCfg = Debug|Any CPU
		{88392C04-9EB0-4E40-AC21-874B72DCDDDB}.Debug|Any CPU.Build.0 = Debug|Any CPU
		{88392C04-9EB0-4E40-AC21-874B72DCDDDB}.Release|Any CPU.ActiveCfg = Release|Any CPU
		{88392C04-9EB0-4E40-AC21-874B72DCDDDB}.Release|Any CPU.Build.0 = Release|Any CPU
	EndGlobalSection
	GlobalSection(SolutionProperties) = preSolution
		HideSolutionNode = FALSE
	EndGlobalSection
	GlobalSection(NestedProjects) = preSolution
		{812F30CC-3BDB-43B4-A03C-8B192C5B4DDC} = {96378931-EC74-468E-B180-25419E8E54BD}
		{E35394FE-2F1D-43AF-8AB0-3E7F31CB6A87} = {96378931-EC74-468E-B180-25419E8E54BD}
		{562F0B25-DE47-4A17-A14F-7598E51D6E46} = {96378931-EC74-468E-B180-25419E8E54BD}
		{AFF32602-E6E0-4604-97E8-3D7D31B47DDF} = {96378931-EC74-468E-B180-25419E8E54BD}
		{F5BD17A6-3560-4C7A-ABB1-72D5B9E942CE} = {812F30CC-3BDB-43B4-A03C-8B192C5B4DDC}
		{E65DB4D5-BA81-4FAD-810C-7F5BDD4BB1FB} = {F5BD17A6-3560-4C7A-ABB1-72D5B9E942CE}
		{2FBA69B2-D2B6-45DD-9E5E-53E95DBE5C95} = {E35394FE-2F1D-43AF-8AB0-3E7F31CB6A87}
		{FCCF446E-9A04-4A59-9DA4-3387707172C0} = {2FBA69B2-D2B6-45DD-9E5E-53E95DBE5C95}
		{F2B7134C-3334-4B74-B6C6-D42735682D84} = {2FBA69B2-D2B6-45DD-9E5E-53E95DBE5C95}
		{E30284C5-70DF-43C9-888F-E643AADD21BA} = {2FBA69B2-D2B6-45DD-9E5E-53E95DBE5C95}
		{ECBEC371-4EB6-42F0-858D-75BEB85FC2B4} = {AFF32602-E6E0-4604-97E8-3D7D31B47DDF}
		{8BDE3508-885E-4728-A869-13D56C39545C} = {ECBEC371-4EB6-42F0-858D-75BEB85FC2B4}
		{3B26D50F-025B-4F85-AE13-5AEDC5BBF771} = {562F0B25-DE47-4A17-A14F-7598E51D6E46}
		{2BD46A8D-7005-4F9D-A613-56EE7536D2A8} = {3B26D50F-025B-4F85-AE13-5AEDC5BBF771}
		{5AE636F1-0CBB-4359-A445-D250A64D1222} = {562F0B25-DE47-4A17-A14F-7598E51D6E46}
		{D2FB3685-F529-451A-8FE8-7564F4DE67D6} = {5AE636F1-0CBB-4359-A445-D250A64D1222}
		{29A529C8-DE06-4913-9191-B630EA2DD464} = {562F0B25-DE47-4A17-A14F-7598E51D6E46}
		{642075DC-EB50-461D-AF46-901750B8DA4C} = {29A529C8-DE06-4913-9191-B630EA2DD464}
		{F26B8613-B882-43C8-8670-9DF9A523AE0B} = {562F0B25-DE47-4A17-A14F-7598E51D6E46}
		{447D1082-BB52-4386-8DF6-88324C20EDAF} = {F26B8613-B882-43C8-8670-9DF9A523AE0B}
		{E40072DD-2B83-4F27-A524-28F0A633D7C3} = {562F0B25-DE47-4A17-A14F-7598E51D6E46}
		{AECB5149-C4C8-4A9C-89F6-336D68580112} = {E40072DD-2B83-4F27-A524-28F0A633D7C3}
		{2FC76DF7-9DF6-4E30-A08E-B8EADDE18805} = {E40072DD-2B83-4F27-A524-28F0A633D7C3}
		{7484D6AD-7B40-4B84-987C-7098DA240053} = {E40072DD-2B83-4F27-A524-28F0A633D7C3}
		{1696E6D8-57FD-4356-A589-7C9A2EEB7FFA} = {E40072DD-2B83-4F27-A524-28F0A633D7C3}
		{97D2A303-83DA-46AD-9CC9-27017E69B5C6} = {562F0B25-DE47-4A17-A14F-7598E51D6E46}
		{88392C04-9EB0-4E40-AC21-874B72DCDDDB} = {97D2A303-83DA-46AD-9CC9-27017E69B5C6}
	EndGlobalSection
	GlobalSection(ExtensibilityGlobals) = postSolution
		SolutionGuid = {F1202160-EED7-4A81-932B-DDEA3065EE85}
	EndGlobalSection
EndGlobal
